// !$*UTF8*$!
{
	archiveVersion = 1;
	classes = {
	};
	objectVersion = 77;
	objects = {

/* Begin PBXBuildFile section */
		8F198ED72F9060E3001AFA53 /* FirebaseAppCheck in Frameworks */ = {isa = PBXBuildFile; productRef = 8F198ED62F9060E3001AFA53 /* FirebaseAppCheck */; };
		8F198ED92F910E05001AFA53 /* FirebaseMessaging in Frameworks */ = {isa = PBXBuildFile; productRef = 8F198ED82F910E05001AFA53 /* FirebaseMessaging */; };
		8F198EDB2F910E06001AFA53 /* FirebaseFunctions in Frameworks */ = {isa = PBXBuildFile; productRef = 8F198EDA2F910E06001AFA53 /* FirebaseFunctions */; };
		8F35C1F32F5B69B200FB36CB /* FirebaseAuth in Frameworks */ = {isa = PBXBuildFile; productRef = 8F35C1F22F5B69B200FB36CB /* FirebaseAuth */; };
		8F35C1F52F5B69B200FB36CB /* FirebaseCore in Frameworks */ = {isa = PBXBuildFile; productRef = 8F35C1F42F5B69B200FB36CB /* FirebaseCore */; };
		8F35C1F72F5B69B200FB36CB /* FirebaseFirestore in Frameworks */ = {isa = PBXBuildFile; productRef = 8F35C1F62F5B69B200FB36CB /* FirebaseFirestore */; };
		8F35C1F92F5B69B200FB36CB /* FirebaseStorage in Frameworks */ = {isa = PBXBuildFile; productRef = 8F35C1F82F5B69B200FB36CB /* FirebaseStorage */; };
		8FBE54282F86CEC200A1BABB /* GoogleService-Info.plist in Resources */ = {isa = PBXBuildFile; fileRef = 8FBE53B62F86CADB00A1BABB /* GoogleService-Info.plist */; };
		8FC94B352F9C312A00C5D8F1 /* GoogleSignIn in Frameworks */ = {isa = PBXBuildFile; productRef = 8FC94B342F9C312A00C5D8F1 /* GoogleSignIn */; };
/* End PBXBuildFile section */

/* Begin PBXContainerItemProxy section */
		8F35C1D32F5B5B2700FB36CB /* PBXContainerItemProxy */ = {
			isa = PBXContainerItemProxy;
			containerPortal = 8F35C1BD2F5B5B2500FB36CB /* Project object */;
			proxyType = 1;
			remoteGlobalIDString = 8F35C1C42F5B5B2500FB36CB;
			remoteInfo = Kuusi;
		};
		8F35C1DD2F5B5B2700FB36CB /* PBXContainerItemProxy */ = {
			isa = PBXContainerItemProxy;
			containerPortal = 8F35C1BD2F5B5B2500FB36CB /* Project object */;
			proxyType = 1;
			remoteGlobalIDString = 8F35C1C42F5B5B2500FB36CB;
			remoteInfo = Kuusi;
		};
/* End PBXContainerItemProxy section */

/* Begin PBXFileReference section */
		8F35C1C52F5B5B2500FB36CB /* Kuusi.app */ = {isa = PBXFileReference; explicitFileType = wrapper.application; includeInIndex = 0; path = Kuusi.app; sourceTree = BUILT_PRODUCTS_DIR; };
		8F35C1D22F5B5B2700FB36CB /* KuusiTests.xctest */ = {isa = PBXFileReference; explicitFileType = wrapper.cfbundle; includeInIndex = 0; path = KuusiTests.xctest; sourceTree = BUILT_PRODUCTS_DIR; };
		8F35C1DC2F5B5B2700FB36CB /* KuusiUITests.xctest */ = {isa = PBXFileReference; explicitFileType = wrapper.cfbundle; includeInIndex = 0; path = KuusiUITests.xctest; sourceTree = BUILT_PRODUCTS_DIR; };
		8FBE53B62F86CADB00A1BABB /* GoogleService-Info.plist */ = {isa = PBXFileReference; lastKnownFileType = text.plist.xml; path = "GoogleService-Info.plist"; sourceTree = "<group>"; };
/* End PBXFileReference section */

/* Begin PBXFileSystemSynchronizedBuildFileExceptionSet section */
		8FBE54272F86CEBE00A1BABB /* Exceptions for "Kuusi" folder in "Kuusi" target */ = {
			isa = PBXFileSystemSynchronizedBuildFileExceptionSet;
			membershipExceptions = (
				Info.plist,
			);
			target = 8F35C1C42F5B5B2500FB36CB /* Kuusi */;
		};
/* End PBXFileSystemSynchronizedBuildFileExceptionSet section */

/* Begin PBXFileSystemSynchronizedRootGroup section */
		8F35C1C72F5B5B2500FB36CB /* Kuusi */ = {
			isa = PBXFileSystemSynchronizedRootGroup;
			exceptions = (
				8FBE54272F86CEBE00A1BABB /* Exceptions for "Kuusi" folder in "Kuusi" target */,
			);
			path = Kuusi;
			sourceTree = "<group>";
		};
		8F35C1D52F5B5B2700FB36CB /* KuusiTests */ = {
			isa = PBXFileSystemSynchronizedRootGroup;
			path = KuusiTests;
			sourceTree = "<group>";
		};
		8F35C1DF2F5B5B2700FB36CB /* KuusiUITests */ = {
			isa = PBXFileSystemSynchronizedRootGroup;
			path = KuusiUITests;
			sourceTree = "<group>";
		};
/* End PBXFileSystemSynchronizedRootGroup section */

/* Begin PBXFrameworksBuildPhase section */
		8F35C1C22F5B5B2500FB36CB /* Frameworks */ = {
			isa = PBXFrameworksBuildPhase;
			buildActionMask = 2147483647;
			files = (
				8F35C1F52F5B69B200FB36CB /* FirebaseCore in Frameworks */,
				8F198EDB2F910E06001AFA53 /* FirebaseFunctions in Frameworks */,
				8F35C1F92F5B69B200FB36CB /* FirebaseStorage in Frameworks */,
				8F198ED92F910E05001AFA53 /* FirebaseMessaging in Frameworks */,
				8F35C1F32F5B69B200FB36CB /* FirebaseAuth in Frameworks */,
				8F35C1F72F5B69B200FB36CB /* FirebaseFirestore in Frameworks */,
				8F198ED72F9060E3001AFA53 /* FirebaseAppCheck in Frameworks */,
				8FC94B352F9C312A00C5D8F1 /* GoogleSignIn in Frameworks */,
			);
			runOnlyForDeploymentPostprocessing = 0;
		};
		8F35C1CF2F5B5B2700FB36CB /* Frameworks */ = {
			isa = PBXFrameworksBuildPhase;
			buildActionMask = 2147483647;
			files = (
			);
			runOnlyForDeploymentPostprocessing = 0;
		};
		8F35C1D92F5B5B2700FB36CB /* Frameworks */ = {
			isa = PBXFrameworksBuildPhase;
			buildActionMask = 2147483647;
			files = (
			);
			runOnlyForDeploymentPostprocessing = 0;
		};
/* End PBXFrameworksBuildPhase section */

/* Begin PBXGroup section */
		8F198ED52F9060E3001AFA53 /* Frameworks */ = {
			isa = PBXGroup;
			children = (
			);
			name = Frameworks;
			sourceTree = "<group>";
		};
		8F35C1BC2F5B5B2500FB36CB = {
			isa = PBXGroup;
			children = (
				8F35C1C72F5B5B2500FB36CB /* Kuusi */,
				8F35C1D52F5B5B2700FB36CB /* KuusiTests */,
				8F35C1DF2F5B5B2700FB36CB /* KuusiUITests */,
				8F35C1C62F5B5B2500FB36CB /* Products */,
				8FBE53B62F86CADB00A1BABB /* GoogleService-Info.plist */,
				8F198ED52F9060E3001AFA53 /* Frameworks */,
			);
			sourceTree = "<group>";
		};
		8F35C1C62F5B5B2500FB36CB /* Products */ = {
			isa = PBXGroup;
			children = (
				8F35C1C52F5B5B2500FB36CB /* Kuusi.app */,
				8F35C1D22F5B5B2700FB36CB /* KuusiTests.xctest */,
				8F35C1DC2F5B5B2700FB36CB /* KuusiUITests.xctest */,
			);
			name = Products;
			sourceTree = "<group>";
		};
/* End PBXGroup section */

/* Begin PBXNativeTarget section */
		8F35C1C42F5B5B2500FB36CB /* Kuusi */ = {
			isa = PBXNativeTarget;
			buildConfigurationList = 8F35C1E62F5B5B2700FB36CB /* Build configuration list for PBXNativeTarget "Kuusi" */;
			buildPhases = (
				8F35C1C12F5B5B2500FB36CB /* Sources */,
				8F35C1C22F5B5B2500FB36CB /* Frameworks */,
				8F35C1C32F5B5B2500FB36CB /* Resources */,
			);
			buildRules = (
			);
			dependencies = (
			);
			fileSystemSynchronizedGroups = (
				8F35C1C72F5B5B2500FB36CB /* Kuusi */,
			);
			name = Kuusi;
			packageProductDependencies = (
				8F35C1F22F5B69B200FB36CB /* FirebaseAuth */,
				8F35C1F42F5B69B200FB36CB /* FirebaseCore */,
				8F35C1F62F5B69B200FB36CB /* FirebaseFirestore */,
				8F198EDA2F910E06001AFA53 /* FirebaseFunctions */,
				8F35C1F82F5B69B200FB36CB /* FirebaseStorage */,
				8FC94B342F9C312A00C5D8F1 /* GoogleSignIn */,
				8F198ED62F9060E3001AFA53 /* FirebaseAppCheck */,
				8F198ED82F910E05001AFA53 /* FirebaseMessaging */,
			);
			productName = Kuusi;
			productReference = 8F35C1C52F5B5B2500FB36CB /* Kuusi.app */;
			productType = "com.apple.product-type.application";
		};
		8F35C1D12F5B5B2700FB36CB /* KuusiTests */ = {
			isa = PBXNativeTarget;
			buildConfigurationList = 8F35C1E92F5B5B2700FB36CB /* Build configuration list for PBXNativeTarget "KuusiTests" */;
			buildPhases = (
				8F35C1CE2F5B5B2700FB36CB /* Sources */,
				8F35C1CF2F5B5B2700FB36CB /* Frameworks */,
				8F35C1D02F5B5B2700FB36CB /* Resources */,
			);
			buildRules = (
			);
			dependencies = (
				8F35C1D42F5B5B2700FB36CB /* PBXTargetDependency */,
			);
			fileSystemSynchronizedGroups = (
				8F35C1D52F5B5B2700FB36CB /* KuusiTests */,
			);
			name = KuusiTests;
			packageProductDependencies = (
			);
			productName = KuusiTests;
			productReference = 8F35C1D22F5B5B2700FB36CB /* KuusiTests.xctest */;
			productType = "com.apple.product-type.bundle.unit-test";
		};
		8F35C1DB2F5B5B2700FB36CB /* KuusiUITests */ = {
			isa = PBXNativeTarget;
			buildConfigurationList = 8F35C1EC2F5B5B2700FB36CB /* Build configuration list for PBXNativeTarget "KuusiUITests" */;
			buildPhases = (
				8F35C1D82F5B5B2700FB36CB /* Sources */,
				8F35C1D92F5B5B2700FB36CB /* Frameworks */,
				8F35C1DA2F5B5B2700FB36CB /* Resources */,
			);
			buildRules = (
			);
			dependencies = (
				8F35C1DE2F5B5B2700FB36CB /* PBXTargetDependency */,
			);
			fileSystemSynchronizedGroups = (
				8F35C1DF2F5B5B2700FB36CB /* KuusiUITests */,
			);
			name = KuusiUITests;
			packageProductDependencies = (
			);
			productName = KuusiUITests;
			productReference = 8F35C1DC2F5B5B2700FB36CB /* KuusiUITests.xctest */;
			productType = "com.apple.product-type.bundle.ui-testing";
		};
/* End PBXNativeTarget section */

/* Begin PBXProject section */
		8F35C1BD2F5B5B2500FB36CB /* Project object */ = {
			isa = PBXProject;
			attributes = {
				BuildIndependentTargetsInParallel = 1;
				LastSwiftUpdateCheck = 2620;
				LastUpgradeCheck = 2640;
				TargetAttributes = {
					8F35C1C42F5B5B2500FB36CB = {
						CreatedOnToolsVersion = 26.2;
					};
					8F35C1D12F5B5B2700FB36CB = {
						CreatedOnToolsVersion = 26.2;
						TestTargetID = 8F35C1C42F5B5B2500FB36CB;
					};
					8F35C1DB2F5B5B2700FB36CB = {
						CreatedOnToolsVersion = 26.2;
						TestTargetID = 8F35C1C42F5B5B2500FB36CB;
					};
				};
			};
			buildConfigurationList = 8F35C1C02F5B5B2500FB36CB /* Build configuration list for PBXProject "Kuusi" */;
			developmentRegion = en;
			hasScannedForEncodings = 0;
			knownRegions = (
				en,
				Base,
			);
			mainGroup = 8F35C1BC2F5B5B2500FB36CB;
			minimizedProjectReferenceProxies = 1;
			packageReferences = (
				8F35C1F12F5B69B200FB36CB /* XCRemoteSwiftPackageReference "firebase-ios-sdk" */,
				8FC94B332F9C312A00C5D8F1 /* XCRemoteSwiftPackageReference "GoogleSignIn-iOS" */,
			);
			preferredProjectObjectVersion = 77;
			productRefGroup = 8F35C1C62F5B5B2500FB36CB /* Products */;
			projectDirPath = "";
			projectRoot = "";
			targets = (
				8F35C1C42F5B5B2500FB36CB /* Kuusi */,
				8F35C1D12F5B5B2700FB36CB /* KuusiTests */,
				8F35C1DB2F5B5B2700FB36CB /* KuusiUITests */,
			);
		};
/* End PBXProject section */

/* Begin PBXResourcesBuildPhase section */
		8F35C1C32F5B5B2500FB36CB /* Resources */ = {
			isa = PBXResourcesBuildPhase;
			buildActionMask = 2147483647;
			files = (
				8FBE54282F86CEC200A1BABB /* GoogleService-Info.plist in Resources */,
			);
			runOnlyForDeploymentPostprocessing = 0;
		};
		8F35C1D02F5B5B2700FB36CB /* Resources */ = {
			isa = PBXResourcesBuildPhase;
			buildActionMask = 2147483647;
			files = (
			);
			runOnlyForDeploymentPostprocessing = 0;
		};
		8F35C1DA2F5B5B2700FB36CB /* Resources */ = {
			isa = PBXResourcesBuildPhase;
			buildActionMask = 2147483647;
			files = (
			);
			runOnlyForDeploymentPostprocessing = 0;
		};
/* End PBXResourcesBuildPhase section */

/* Begin PBXSourcesBuildPhase section */
		8F35C1C12F5B5B2500FB36CB /* Sources */ = {
			isa = PBXSourcesBuildPhase;
			buildActionMask = 2147483647;
			files = (
			);
			runOnlyForDeploymentPostprocessing = 0;
		};
		8F35C1CE2F5B5B2700FB36CB /* Sources */ = {
			isa = PBXSourcesBuildPhase;
			buildActionMask = 2147483647;
			files = (
			);
			runOnlyForDeploymentPostprocessing = 0;
		};
		8F35C1D82F5B5B2700FB36CB /* Sources */ = {
			isa = PBXSourcesBuildPhase;
			buildActionMask = 2147483647;
			files = (
			);
			runOnlyForDeploymentPostprocessing = 0;
		};
/* End PBXSourcesBuildPhase section */

/* Begin PBXTargetDependency section */
		8F35C1D42F5B5B2700FB36CB /* PBXTargetDependency */ = {
			isa = PBXTargetDependency;
			target = 8F35C1C42F5B5B2500FB36CB /* Kuusi */;
			targetProxy = 8F35C1D32F5B5B2700FB36CB /* PBXContainerItemProxy */;
		};
		8F35C1DE2F5B5B2700FB36CB /* PBXTargetDependency */ = {
			isa = PBXTargetDependency;
			target = 8F35C1C42F5B5B2500FB36CB /* Kuusi */;
			targetProxy = 8F35C1DD2F5B5B2700FB36CB /* PBXContainerItemProxy */;
		};
/* End PBXTargetDependency section */

/* Begin XCBuildConfiguration section */
		8F35C1E42F5B5B2700FB36CB /* Debug */ = {
			isa = XCBuildConfiguration;
			buildSettings = {
				ALWAYS_SEARCH_USER_PATHS = NO;
				ASSETCATALOG_COMPILER_GENERATE_SWIFT_ASSET_SYMBOL_EXTENSIONS = YES;
				CLANG_ANALYZER_NONNULL = YES;
				CLANG_ANALYZER_NUMBER_OBJECT_CONVERSION = YES_AGGRESSIVE;
				CLANG_CXX_LANGUAGE_STANDARD = "gnu++20";
				CLANG_ENABLE_MODULES = YES;
				CLANG_ENABLE_OBJC_ARC = YES;
				CLANG_ENABLE_OBJC_WEAK = YES;
				CLANG_WARN_BLOCK_CAPTURE_AUTORELEASING = YES;
				CLANG_WARN_BOOL_CONVERSION = YES;
				CLANG_WARN_COMMA = YES;
				CLANG_WARN_CONSTANT_CONVERSION = YES;
				CLANG_WARN_DEPRECATED_OBJC_IMPLEMENTATIONS = YES;
				CLANG_WARN_DIRECT_OBJC_ISA_USAGE = YES_ERROR;
				CLANG_WARN_DOCUMENTATION_COMMENTS = YES;
				CLANG_WARN_EMPTY_BODY = YES;
				CLANG_WARN_ENUM_CONVERSION = YES;
				CLANG_WARN_INFINITE_RECURSION = YES;
				CLANG_WARN_INT_CONVERSION = YES;
				CLANG_WARN_NON_LITERAL_NULL_CONVERSION = YES;
				CLANG_WARN_OBJC_IMPLICIT_RETAIN_SELF = YES;
				CLANG_WARN_OBJC_LITERAL_CONVERSION = YES;
				CLANG_WARN_OBJC_ROOT_CLASS = YES_ERROR;
				CLANG_WARN_QUOTED_INCLUDE_IN_FRAMEWORK_HEADER = YES;
				CLANG_WARN_RANGE_LOOP_ANALYSIS = YES;
				CLANG_WARN_STRICT_PROTOTYPES = YES;
				CLANG_WARN_SUSPICIOUS_MOVE = YES;
				CLANG_WARN_UNGUARDED_AVAILABILITY = YES_AGGRESSIVE;
				CLANG_WARN_UNREACHABLE_CODE = YES;
				CLANG_WARN__DUPLICATE_METHOD_MATCH = YES;
				COPY_PHASE_STRIP = NO;
				DEBUG_INFORMATION_FORMAT = dwarf;
				DEVELOPMENT_TEAM = 34MA6HUK9G;
				ENABLE_STRICT_OBJC_MSGSEND = YES;
				ENABLE_TESTABILITY = YES;
				ENABLE_USER_SCRIPT_SANDBOXING = YES;
				GCC_C_LANGUAGE_STANDARD = gnu17;
				GCC_DYNAMIC_NO_PIC = NO;
				GCC_NO_COMMON_BLOCKS = YES;
				GCC_OPTIMIZATION_LEVEL = 0;
				GCC_PREPROCESSOR_DEFINITIONS = (
					"DEBUG=1",
					"$(inherited)",
				);
				GCC_WARN_64_TO_32_BIT_CONVERSION = YES;
				GCC_WARN_ABOUT_RETURN_TYPE = YES_ERROR;
				GCC_WARN_UNDECLARED_SELECTOR = YES;
				GCC_WARN_UNINITIALIZED_AUTOS = YES_AGGRESSIVE;
				GCC_WARN_UNUSED_FUNCTION = YES;
				GCC_WARN_UNUSED_VARIABLE = YES;
				IPHONEOS_DEPLOYMENT_TARGET = 26.0;
				LOCALIZATION_PREFERS_STRING_CATALOGS = YES;
				MTL_ENABLE_DEBUG_INFO = INCLUDE_SOURCE;
				MTL_FAST_MATH = YES;
				ONLY_ACTIVE_ARCH = YES;
				SDKROOT = iphoneos;
				STRING_CATALOG_GENERATE_SYMBOLS = YES;
				SWIFT_ACTIVE_COMPILATION_CONDITIONS = "DEBUG $(inherited)";
				SWIFT_OPTIMIZATION_LEVEL = "-Onone";
			};
			name = Debug;
		};
		8F35C1E52F5B5B2700FB36CB /* Release */ = {
			isa = XCBuildConfiguration;
			buildSettings = {
				ALWAYS_SEARCH_USER_PATHS = NO;
				ASSETCATALOG_COMPILER_GENERATE_SWIFT_ASSET_SYMBOL_EXTENSIONS = YES;
				CLANG_ANALYZER_NONNULL = YES;
				CLANG_ANALYZER_NUMBER_OBJECT_CONVERSION = YES_AGGRESSIVE;
				CLANG_CXX_LANGUAGE_STANDARD = "gnu++20";
				CLANG_ENABLE_MODULES = YES;
				CLANG_ENABLE_OBJC_ARC = YES;
				CLANG_ENABLE_OBJC_WEAK = YES;
				CLANG_WARN_BLOCK_CAPTURE_AUTORELEASING = YES;
				CLANG_WARN_BOOL_CONVERSION = YES;
				CLANG_WARN_COMMA = YES;
				CLANG_WARN_CONSTANT_CONVERSION = YES;
				CLANG_WARN_DEPRECATED_OBJC_IMPLEMENTATIONS = YES;
				CLANG_WARN_DIRECT_OBJC_ISA_USAGE = YES_ERROR;
				CLANG_WARN_DOCUMENTATION_COMMENTS = YES;
				CLANG_WARN_EMPTY_BODY = YES;
				CLANG_WARN_ENUM_CONVERSION = YES;
				CLANG_WARN_INFINITE_RECURSION = YES;
				CLANG_WARN_INT_CONVERSION = YES;
				CLANG_WARN_NON_LITERAL_NULL_CONVERSION = YES;
				CLANG_WARN_OBJC_IMPLICIT_RETAIN_SELF = YES;
				CLANG_WARN_OBJC_LITERAL_CONVERSION = YES;
				CLANG_WARN_OBJC_ROOT_CLASS = YES_ERROR;
				CLANG_WARN_QUOTED_INCLUDE_IN_FRAMEWORK_HEADER = YES;
				CLANG_WARN_RANGE_LOOP_ANALYSIS = YES;
				CLANG_WARN_STRICT_PROTOTYPES = YES;
				CLANG_WARN_SUSPICIOUS_MOVE = YES;
				CLANG_WARN_UNGUARDED_AVAILABILITY = YES_AGGRESSIVE;
				CLANG_WARN_UNREACHABLE_CODE = YES;
				CLANG_WARN__DUPLICATE_METHOD_MATCH = YES;
				COPY_PHASE_STRIP = NO;
				DEBUG_INFORMATION_FORMAT = "dwarf-with-dsym";
				DEVELOPMENT_TEAM = 34MA6HUK9G;
				ENABLE_NS_ASSERTIONS = NO;
				ENABLE_STRICT_OBJC_MSGSEND = YES;
				ENABLE_USER_SCRIPT_SANDBOXING = YES;
				GCC_C_LANGUAGE_STANDARD = gnu17;
				GCC_NO_COMMON_BLOCKS = YES;
				GCC_WARN_64_TO_32_BIT_CONVERSION = YES;
				GCC_WARN_ABOUT_RETURN_TYPE = YES_ERROR;
				GCC_WARN_UNDECLARED_SELECTOR = YES;
				GCC_WARN_UNINITIALIZED_AUTOS = YES_AGGRESSIVE;
				GCC_WARN_UNUSED_FUNCTION = YES;
				GCC_WARN_UNUSED_VARIABLE = YES;
				IPHONEOS_DEPLOYMENT_TARGET = 26.0;
				LOCALIZATION_PREFERS_STRING_CATALOGS = YES;
				MTL_ENABLE_DEBUG_INFO = NO;
				MTL_FAST_MATH = YES;
				SDKROOT = iphoneos;
				STRING_CATALOG_GENERATE_SYMBOLS = YES;
				SWIFT_COMPILATION_MODE = wholemodule;
				VALIDATE_PRODUCT = YES;
			};
			name = Release;
		};
		8F35C1E72F5B5B2700FB36CB /* Debug */ = {
			isa = XCBuildConfiguration;
			buildSettings = {
				ASSETCATALOG_COMPILER_APPICON_NAME = kuusi;
				ASSETCATALOG_COMPILER_GLOBAL_ACCENT_COLOR_NAME = AccentColor;
				CODE_SIGN_ENTITLEMENTS = Kuusi/KuusiDebug.entitlements;
				CODE_SIGN_STYLE = Automatic;
				CURRENT_PROJECT_VERSION = 4;
				DEVELOPMENT_TEAM = 34MA6HUK9G;
				ENABLE_PREVIEWS = YES;
				GENERATE_INFOPLIST_FILE = NO;
				GOOGLE_REVERSED_CLIENT_ID = "com.googleusercontent.apps.898290307420-jrjkt4jv0nbvholnigoiilf41luuadmr";
				INFOPLIST_FILE = Kuusi/Info.plist;
				IPHONEOS_DEPLOYMENT_TARGET = 26.0;
				LD_RUNPATH_SEARCH_PATHS = (
					"$(inherited)",
					"@executable_path/Frameworks",
				);
				MARKETING_VERSION = 1.0;
				PRODUCT_BUNDLE_IDENTIFIER = com.swallace.kuusi;
				PRODUCT_NAME = "$(TARGET_NAME)";
				STRING_CATALOG_GENERATE_SYMBOLS = YES;
				SWIFT_APPROACHABLE_CONCURRENCY = YES;
				SWIFT_DEFAULT_ACTOR_ISOLATION = MainActor;
				SWIFT_EMIT_LOC_STRINGS = YES;
				SWIFT_UPCOMING_FEATURE_MEMBER_IMPORT_VISIBILITY = YES;
				SWIFT_VERSION = 5.0;
				TARGETED_DEVICE_FAMILY = "1,2";
			};
			name = Debug;
		};
		8F35C1E82F5B5B2700FB36CB /* Release */ = {
			isa = XCBuildConfiguration;
			buildSettings = {
				ASSETCATALOG_COMPILER_APPICON_NAME = kuusi;
				ASSETCATALOG_COMPILER_GLOBAL_ACCENT_COLOR_NAME = AccentColor;
				CODE_SIGN_ENTITLEMENTS = Kuusi/Kuusi.entitlements;
				CODE_SIGN_STYLE = Automatic;
				CURRENT_PROJECT_VERSION = 4;
				DEVELOPMENT_TEAM = 34MA6HUK9G;
				ENABLE_PREVIEWS = YES;
				GENERATE_INFOPLIST_FILE = NO;
				GOOGLE_REVERSED_CLIENT_ID = "com.googleusercontent.apps.898290307420-jrjkt4jv0nbvholnigoiilf41luuadmr";
				INFOPLIST_FILE = Kuusi/Info.plist;
				IPHONEOS_DEPLOYMENT_TARGET = 26.0;
				LD_RUNPATH_SEARCH_PATHS = (
					"$(inherited)",
					"@executable_path/Frameworks",
				);
				MARKETING_VERSION = 1.0;
				PRODUCT_BUNDLE_IDENTIFIER = com.swallace.kuusi;
				PRODUCT_NAME = "$(TARGET_NAME)";
				STRING_CATALOG_GENERATE_SYMBOLS = YES;
				SWIFT_APPROACHABLE_CONCURRENCY = YES;
				SWIFT_DEFAULT_ACTOR_ISOLATION = MainActor;
				SWIFT_EMIT_LOC_STRINGS = YES;
				SWIFT_UPCOMING_FEATURE_MEMBER_IMPORT_VISIBILITY = YES;
				SWIFT_VERSION = 5.0;
				TARGETED_DEVICE_FAMILY = "1,2";
			};
			name = Release;
		};
		8F35C1EA2F5B5B2700FB36CB /* Debug */ = {
			isa = XCBuildConfiguration;
			buildSettings = {
				BUNDLE_LOADER = "$(TEST_HOST)";
				CODE_SIGN_STYLE = Automatic;
				CURRENT_PROJECT_VERSION = 1;
				DEVELOPMENT_TEAM = 34MA6HUK9G;
				GENERATE_INFOPLIST_FILE = YES;
				IPHONEOS_DEPLOYMENT_TARGET = 26.0;
				MARKETING_VERSION = 1.0;
				PRODUCT_BUNDLE_IDENTIFIER = com.swallace.kuusiTests;
				PRODUCT_NAME = "$(TARGET_NAME)";
				STRING_CATALOG_GENERATE_SYMBOLS = NO;
				SWIFT_APPROACHABLE_CONCURRENCY = YES;
				SWIFT_EMIT_LOC_STRINGS = NO;
				SWIFT_UPCOMING_FEATURE_MEMBER_IMPORT_VISIBILITY = YES;
				SWIFT_VERSION = 5.0;
				TARGETED_DEVICE_FAMILY = "1,2";
				TEST_HOST = "$(BUILT_PRODUCTS_DIR)/Kuusi.app/$(BUNDLE_EXECUTABLE_FOLDER_PATH)/Kuusi";
			};
			name = Debug;
		};
		8F35C1EB2F5B5B2700FB36CB /* Release */ = {
			isa = XCBuildConfiguration;
			buildSettings = {
				BUNDLE_LOADER = "$(TEST_HOST)";
				CODE_SIGN_STYLE = Automatic;
				CURRENT_PROJECT_VERSION = 1;
				DEVELOPMENT_TEAM = 34MA6HUK9G;
				GENERATE_INFOPLIST_FILE = YES;
				IPHONEOS_DEPLOYMENT_TARGET = 26.0;
				MARKETING_VERSION = 1.0;
				PRODUCT_BUNDLE_IDENTIFIER = com.swallace.kuusiTests;
				PRODUCT_NAME = "$(TARGET_NAME)";
				STRING_CATALOG_GENERATE_SYMBOLS = NO;
				SWIFT_APPROACHABLE_CONCURRENCY = YES;
				SWIFT_EMIT_LOC_STRINGS = NO;
				SWIFT_UPCOMING_FEATURE_MEMBER_IMPORT_VISIBILITY = YES;
				SWIFT_VERSION = 5.0;
				TARGETED_DEVICE_FAMILY = "1,2";
				TEST_HOST = "$(BUILT_PRODUCTS_DIR)/Kuusi.app/$(BUNDLE_EXECUTABLE_FOLDER_PATH)/Kuusi";
			};
			name = Release;
		};
		8F35C1ED2F5B5B2700FB36CB /* Debug */ = {
			isa = XCBuildConfiguration;
			buildSettings = {
				CODE_SIGN_STYLE = Automatic;
				CURRENT_PROJECT_VERSION = 1;
				DEVELOPMENT_TEAM = 34MA6HUK9G;
				GENERATE_INFOPLIST_FILE = YES;
				IPHONEOS_DEPLOYMENT_TARGET = 26.0;
				MARKETING_VERSION = 1.0;
				PRODUCT_BUNDLE_IDENTIFIER = com.swallace.kuusiUITests;
				PRODUCT_NAME = "$(TARGET_NAME)";
				STRING_CATALOG_GENERATE_SYMBOLS = NO;
				SWIFT_APPROACHABLE_CONCURRENCY = YES;
				SWIFT_EMIT_LOC_STRINGS = NO;
				SWIFT_UPCOMING_FEATURE_MEMBER_IMPORT_VISIBILITY = YES;
				SWIFT_VERSION = 5.0;
				TARGETED_DEVICE_FAMILY = "1,2";
				TEST_TARGET_NAME = Kuusi;
			};
			name = Debug;
		};
		8F35C1EE2F5B5B2700FB36CB /* Release */ = {
			isa = XCBuildConfiguration;
			buildSettings = {
				CODE_SIGN_STYLE = Automatic;
				CURRENT_PROJECT_VERSION = 1;
				DEVELOPMENT_TEAM = 34MA6HUK9G;
				GENERATE_INFOPLIST_FILE = YES;
				IPHONEOS_DEPLOYMENT_TARGET = 26.0;
				MARKETING_VERSION = 1.0;
				PRODUCT_BUNDLE_IDENTIFIER = com.swallace.kuusiUITests;
				PRODUCT_NAME = "$(TARGET_NAME)";
				STRING_CATALOG_GENERATE_SYMBOLS = NO;
				SWIFT_APPROACHABLE_CONCURRENCY = YES;
				SWIFT_EMIT_LOC_STRINGS = NO;
				SWIFT_UPCOMING_FEATURE_MEMBER_IMPORT_VISIBILITY = YES;
				SWIFT_VERSION = 5.0;
				TARGETED_DEVICE_FAMILY = "1,2";
				TEST_TARGET_NAME = Kuusi;
			};
			name = Release;
		};
/* End XCBuildConfiguration section */

/* Begin XCConfigurationList section */
		8F35C1C02F5B5B2500FB36CB /* Build configuration list for PBXProject "Kuusi" */ = {
			isa = XCConfigurationList;
			buildConfigurations = (
				8F35C1E42F5B5B2700FB36CB /* Debug */,
				8F35C1E52F5B5B2700FB36CB /* Release */,
			);
			defaultConfigurationIsVisible = 0;
			defaultConfigurationName = Release;
		};
		8F35C1E62F5B5B2700FB36CB /* Build configuration list for PBXNativeTarget "Kuusi" */ = {
			isa = XCConfigurationList;
			buildConfigurations = (
				8F35C1E72F5B5B2700FB36CB /* Debug */,
				8F35C1E82F5B5B2700FB36CB /* Release */,
			);
			defaultConfigurationIsVisible = 0;
			defaultConfigurationName = Release;
		};
		8F35C1E92F5B5B2700FB36CB /* Build configuration list for PBXNativeTarget "KuusiTests" */ = {
			isa = XCConfigurationList;
			buildConfigurations = (
				8F35C1EA2F5B5B2700FB36CB /* Debug */,
				8F35C1EB2F5B5B2700FB36CB /* Release */,
			);
			defaultConfigurationIsVisible = 0;
			defaultConfigurationName = Release;
		};
		8F35C1EC2F5B5B2700FB36CB /* Build configuration list for PBXNativeTarget "KuusiUITests" */ = {
			isa = XCConfigurationList;
			buildConfigurations = (
				8F35C1ED2F5B5B2700FB36CB /* Debug */,
				8F35C1EE2F5B5B2700FB36CB /* Release */,
			);
			defaultConfigurationIsVisible = 0;
			defaultConfigurationName = Release;
		};
/* End XCConfigurationList section */

/* Begin XCRemoteSwiftPackageReference section */
		8F35C1F12F5B69B200FB36CB /* XCRemoteSwiftPackageReference "firebase-ios-sdk" */ = {
			isa = XCRemoteSwiftPackageReference;
			repositoryURL = "https://github.com/firebase/firebase-ios-sdk";
			requirement = {
				kind = upToNextMajorVersion;
				minimumVersion = 12.10.0;
			};
		};
		8FC94B332F9C312A00C5D8F1 /* XCRemoteSwiftPackageReference "GoogleSignIn-iOS" */ = {
			isa = XCRemoteSwiftPackageReference;
			repositoryURL = "https://github.com/google/GoogleSignIn-iOS";
			requirement = {
				kind = exactVersion;
				version = 9.0.0;
			};
		};
/* End XCRemoteSwiftPackageReference section */

/* Begin XCSwiftPackageProductDependency section */
		8F198ED62F9060E3001AFA53 /* FirebaseAppCheck */ = {
			isa = XCSwiftPackageProductDependency;
			package = 8F35C1F12F5B69B200FB36CB /* XCRemoteSwiftPackageReference "firebase-ios-sdk" */;
			productName = FirebaseAppCheck;
		};
		8F198ED82F910E05001AFA53 /* FirebaseMessaging */ = {
			isa = XCSwiftPackageProductDependency;
			package = 8F35C1F12F5B69B200FB36CB /* XCRemoteSwiftPackageReference "firebase-ios-sdk" */;
			productName = FirebaseMessaging;
		};
		8F198EDA2F910E06001AFA53 /* FirebaseFunctions */ = {
			isa = XCSwiftPackageProductDependency;
			package = 8F35C1F12F5B69B200FB36CB /* XCRemoteSwiftPackageReference "firebase-ios-sdk" */;
			productName = FirebaseFunctions;
		};
		8F35C1F22F5B69B200FB36CB /* FirebaseAuth */ = {
			isa = XCSwiftPackageProductDependency;
			package = 8F35C1F12F5B69B200FB36CB /* XCRemoteSwiftPackageReference "firebase-ios-sdk" */;
			productName = FirebaseAuth;
		};
		8F35C1F42F5B69B200FB36CB /* FirebaseCore */ = {
			isa = XCSwiftPackageProductDependency;
			package = 8F35C1F12F5B69B200FB36CB /* XCRemoteSwiftPackageReference "firebase-ios-sdk" */;
			productName = FirebaseCore;
		};
		8F35C1F62F5B69B200FB36CB /* FirebaseFirestore */ = {
			isa = XCSwiftPackageProductDependency;
			package = 8F35C1F12F5B69B200FB36CB /* XCRemoteSwiftPackageReference "firebase-ios-sdk" */;
			productName = FirebaseFirestore;
		};
		8F35C1F82F5B69B200FB36CB /* FirebaseStorage */ = {
			isa = XCSwiftPackageProductDependency;
			package = 8F35C1F12F5B69B200FB36CB /* XCRemoteSwiftPackageReference "firebase-ios-sdk" */;
			productName = FirebaseStorage;
		};
		8FC94B342F9C312A00C5D8F1 /* GoogleSignIn */ = {
			isa = XCSwiftPackageProductDependency;
			package = 8FC94B332F9C312A00C5D8F1 /* XCRemoteSwiftPackageReference "GoogleSignIn-iOS" */;
			productName = GoogleSignIn;
		};
/* End XCSwiftPackageProductDependency section */
	};
	rootObject = 8F35C1BD2F5B5B2500FB36CB /* Project object */;
}
